
Microsoft Visual Studio Solution File, Format Version 12.00
# Visual Studio Version 17
VisualStudioVersion = 17.2.32516.85
MinimumVisualStudioVersion = 10.0.40219.1
Project("{8BC9CEB8-8B4A-11D0-8D11-00A0C91BC942}") = "CIS 1202 Assignment 9", "CIS 1202 Assignment 9\CIS 1202 Assignment 9.vcxproj", "{E6789EAD-AEE0-41CD-81FC-B5FC778944FB}"
EndProject
Global
	GlobalSection(SolutionConfigurationPlatforms) = preSolution
		Debug|x64 = Debug|x64
		Debug|x86 = Debug|x86
		Release|x64 = Release|x64
		Release|x86 = Release|x86
	EndGlobalSection
	GlobalSection(ProjectConfigurationPlatforms) = postSolution
		{E6789EAD-AEE0-41CD-81FC-B5FC778944FB}.Debug|x64.ActiveCfg = Debug|x64
		{E6789EAD-AEE0-41CD-81FC-B5FC778944FB}.Debug|x64.Build.0 = Debug|x64
		{E6789EAD-AEE0-41CD-81FC-B5FC778944FB}.Debug|x86.ActiveCfg = Debug|Win32
		{E6789EAD-AEE0-41CD-81FC-B5FC778944FB}.Debug|x86.Build.0 = Debug|Win32
		{E6789EAD-AEE0-41CD-81FC-B5FC778944FB}.Release|x64.ActiveCfg = Release|x64
		{E6789EAD-AEE0-41CD-81FC-B5FC778944FB}.Release|x64.Build.0 = Release|x64
		{E6789EAD-AEE0-41CD-81FC-B5FC778944FB}.Release|x86.ActiveCfg = Release|Win32
		{E6789EAD-AEE0-41CD-81FC-B5FC778944FB}.Release|x86.Build.0 = Release|Win32
	EndGlobalSection
	GlobalSection(SolutionProperties) = preSolution
		HideSolutionNode = FALSE
	EndGlobalSection
	GlobalSection(ExtensibilityGlobals) = postSolution
		SolutionGuid = {B459674E-B54C-4CBE-860A-C4D49968E30B}
	EndGlobalSection
EndGlobal
